// !$*UTF8*$!
{
	archiveVersion = 1;
	classes = {
	};
	objectVersion = 55;
	objects = {

/* Begin PBXBuildFile section */
		B121E968282A87F50078DF49 /* CMTime.swift in Sources */ = {isa = PBXBuildFile; fileRef = B121E967282A87F50078DF49 /* CMTime.swift */; };
		B14B9813282692DD003FDBBE /* Episode.swift in Sources */ = {isa = PBXBuildFile; fileRef = B14B9812282692DD003FDBBE /* Episode.swift */; };
		B14B981628269498003FDBBE /* EpisodeCell.swift in Sources */ = {isa = PBXBuildFile; fileRef = B14B981428269498003FDBBE /* EpisodeCell.swift */; };
		B14B981728269498003FDBBE /* EpisodeCell.xib in Resources */ = {isa = PBXBuildFile; fileRef = B14B981528269498003FDBBE /* EpisodeCell.xib */; };
		B174176D280E242700396D76 /* SearchResult.swift in Sources */ = {isa = PBXBuildFile; fileRef = B174176C280E242700396D76 /* SearchResult.swift */; };
		B1AC5E0D280B6C84006F04F9 /* AppDelegate.swift in Sources */ = {isa = PBXBuildFile; fileRef = B1AC5E0C280B6C84006F04F9 /* AppDelegate.swift */; };
		B1AC5E0F280B6C84006F04F9 /* SceneDelegate.swift in Sources */ = {isa = PBXBuildFile; fileRef = B1AC5E0E280B6C84006F04F9 /* SceneDelegate.swift */; };
		B1AC5E14280B6C84006F04F9 /* Main.storyboard in Resources */ = {isa = PBXBuildFile; fileRef = B1AC5E12280B6C84006F04F9 /* Main.storyboard */; };
		B1AC5E16280B6C84006F04F9 /* Assets.xcassets in Resources */ = {isa = PBXBuildFile; fileRef = B1AC5E15280B6C84006F04F9 /* Assets.xcassets */; };
		B1AC5E19280B6C84006F04F9 /* LaunchScreen.storyboard in Resources */ = {isa = PBXBuildFile; fileRef = B1AC5E17280B6C84006F04F9 /* LaunchScreen.storyboard */; };
		B1AC5E21280B6D0E006F04F9 /* MainTabBarController.swift in Sources */ = {isa = PBXBuildFile; fileRef = B1AC5E20280B6D0E006F04F9 /* MainTabBarController.swift */; };
		B1AEFF02282335E2002140C3 /* EpisodesController.swift in Sources */ = {isa = PBXBuildFile; fileRef = B1AEFF01282335E2002140C3 /* EpisodesController.swift */; };
		B1B5C7B32827C2FA00050238 /* PlayerDetailsView.xib in Resources */ = {isa = PBXBuildFile; fileRef = B1B5C7B22827C2FA00050238 /* PlayerDetailsView.xib */; };
		B1B5C7B52827C6CF00050238 /* PlayerDetailsView.swift in Sources */ = {isa = PBXBuildFile; fileRef = B1B5C7B42827C6CF00050238 /* PlayerDetailsView.swift */; };
		B1B91F80280C2E1C00294A7B /* PodcastsSearchController.swift in Sources */ = {isa = PBXBuildFile; fileRef = B1B91F7F280C2E1C00294A7B /* PodcastsSearchController.swift */; };
		B1BEF4D12821456000A22912 /* APIService.swift in Sources */ = {isa = PBXBuildFile; fileRef = B1BEF4D02821456000A22912 /* APIService.swift */; };
		B1EF4C832821D2E00039C696 /* PodcastCell.xib in Resources */ = {isa = PBXBuildFile; fileRef = B1EF4C822821D2E00039C696 /* PodcastCell.xib */; };
		B1EF4C852821D6060039C696 /* PodcastCell.swift in Sources */ = {isa = PBXBuildFile; fileRef = B1EF4C842821D6060039C696 /* PodcastCell.swift */; };
		D71F5454C3F20449DA36766C /* Pods_Podcasts.framework in Frameworks */ = {isa = PBXBuildFile; fileRef = 444F787FCD69C790A067357C /* Pods_Podcasts.framework */; };
/* End PBXBuildFile section */

/* Begin PBXFileReference section */
		03B1601E9CC9763E4AE7C97C /* Pods-Podcasts.release.xcconfig */ = {isa = PBXFileReference; includeInIndex = 1; lastKnownFileType = text.xcconfig; name = "Pods-Podcasts.release.xcconfig"; path = "Target Support Files/Pods-Podcasts/Pods-Podcasts.release.xcconfig"; sourceTree = "<group>"; };
		444F787FCD69C790A067357C /* Pods_Podcasts.framework */ = {isa = PBXFileReference; explicitFileType = wrapper.framework; includeInIndex = 0; path = Pods_Podcasts.framework; sourceTree = BUILT_PRODUCTS_DIR; };
		B121E967282A87F50078DF49 /* CMTime.swift */ = {isa = PBXFileReference; lastKnownFileType = sourcecode.swift; path = CMTime.swift; sourceTree = "<group>"; };
		B14B9812282692DD003FDBBE /* Episode.swift */ = {isa = PBXFileReference; lastKnownFileType = sourcecode.swift; path = Episode.swift; sourceTree = "<group>"; };
		B14B981428269498003FDBBE /* EpisodeCell.swift */ = {isa = PBXFileReference; lastKnownFileType = sourcecode.swift; path = EpisodeCell.swift; sourceTree = "<group>"; };
		B14B981528269498003FDBBE /* EpisodeCell.xib */ = {isa = PBXFileReference; lastKnownFileType = file.xib; path = EpisodeCell.xib; sourceTree = "<group>"; };
		B174176C280E242700396D76 /* SearchResult.swift */ = {isa = PBXFileReference; lastKnownFileType = sourcecode.swift; path = SearchResult.swift; sourceTree = "<group>"; };
		B1AC5E09280B6C84006F04F9 /* Podcasts.app */ = {isa = PBXFileReference; explicitFileType = wrapper.application; includeInIndex = 0; path = Podcasts.app; sourceTree = BUILT_PRODUCTS_DIR; };
		B1AC5E0C280B6C84006F04F9 /* AppDelegate.swift */ = {isa = PBXFileReference; lastKnownFileType = sourcecode.swift; path = AppDelegate.swift; sourceTree = "<group>"; };
		B1AC5E0E280B6C84006F04F9 /* SceneDelegate.swift */ = {isa = PBXFileReference; lastKnownFileType = sourcecode.swift; path = SceneDelegate.swift; sourceTree = "<group>"; };
		B1AC5E13280B6C84006F04F9 /* Base */ = {isa = PBXFileReference; lastKnownFileType = file.storyboard; name = Base; path = Base.lproj/Main.storyboard; sourceTree = "<group>"; };
		B1AC5E15280B6C84006F04F9 /* Assets.xcassets */ = {isa = PBXFileReference; lastKnownFileType = folder.assetcatalog; path = Assets.xcassets; sourceTree = "<group>"; };
		B1AC5E18280B6C84006F04F9 /* Base */ = {isa = PBXFileReference; lastKnownFileType = file.storyboard; name = Base; path = Base.lproj/LaunchScreen.storyboard; sourceTree = "<group>"; };
		B1AC5E1A280B6C84006F04F9 /* Info.plist */ = {isa = PBXFileReference; lastKnownFileType = text.plist.xml; path = Info.plist; sourceTree = "<group>"; };
		B1AC5E20280B6D0E006F04F9 /* MainTabBarController.swift */ = {isa = PBXFileReference; lastKnownFileType = sourcecode.swift; path = MainTabBarController.swift; sourceTree = "<group>"; };
		B1AEFF01282335E2002140C3 /* EpisodesController.swift */ = {isa = PBXFileReference; lastKnownFileType = sourcecode.swift; path = EpisodesController.swift; sourceTree = "<group>"; };
		B1B5C7B22827C2FA00050238 /* PlayerDetailsView.xib */ = {isa = PBXFileReference; lastKnownFileType = file.xib; path = PlayerDetailsView.xib; sourceTree = "<group>"; };
		B1B5C7B42827C6CF00050238 /* PlayerDetailsView.swift */ = {isa = PBXFileReference; lastKnownFileType = sourcecode.swift; path = PlayerDetailsView.swift; sourceTree = "<group>"; };
		B1B91F7F280C2E1C00294A7B /* PodcastsSearchController.swift */ = {isa = PBXFileReference; lastKnownFileType = sourcecode.swift; path = PodcastsSearchController.swift; sourceTree = "<group>"; };
		B1BEF4D02821456000A22912 /* APIService.swift */ = {isa = PBXFileReference; lastKnownFileType = sourcecode.swift; path = APIService.swift; sourceTree = "<group>"; };
		B1EF4C822821D2E00039C696 /* PodcastCell.xib */ = {isa = PBXFileReference; lastKnownFileType = file.xib; path = PodcastCell.xib; sourceTree = "<group>"; };
		B1EF4C842821D6060039C696 /* PodcastCell.swift */ = {isa = PBXFileReference; lastKnownFileType = sourcecode.swift; path = PodcastCell.swift; sourceTree = "<group>"; };
		B4BEE64453D8B0C6998AD3AF /* Pods-Podcasts.debug.xcconfig */ = {isa = PBXFileReference; includeInIndex = 1; lastKnownFileType = text.xcconfig; name = "Pods-Podcasts.debug.xcconfig"; path = "Target Support Files/Pods-Podcasts/Pods-Podcasts.debug.xcconfig"; sourceTree = "<group>"; };
/* End PBXFileReference section */

/* Begin PBXFrameworksBuildPhase section */
		B1AC5E06280B6C84006F04F9 /* Frameworks */ = {
			isa = PBXFrameworksBuildPhase;
			buildActionMask = 2147483647;
			files = (
				D71F5454C3F20449DA36766C /* Pods_Podcasts.framework in Frameworks */,
			);
			runOnlyForDeploymentPostprocessing = 0;
		};
/* End PBXFrameworksBuildPhase section */

/* Begin PBXGroup section */
		3790EC23DFAA451D56E9FD8B /* Pods */ = {
			isa = PBXGroup;
			children = (
				B4BEE64453D8B0C6998AD3AF /* Pods-Podcasts.debug.xcconfig */,
				03B1601E9CC9763E4AE7C97C /* Pods-Podcasts.release.xcconfig */,
			);
			path = Pods;
			sourceTree = "<group>";
		};
		B121E966282A87E60078DF49 /* Extensions */ = {
			isa = PBXGroup;
			children = (
				B121E967282A87F50078DF49 /* CMTime.swift */,
			);
			path = Extensions;
			sourceTree = "<group>";
		};
		B1AC5E00280B6C84006F04F9 = {
			isa = PBXGroup;
			children = (
				B1AC5E0B280B6C84006F04F9 /* Podcasts */,
				B1AC5E0A280B6C84006F04F9 /* Products */,
				3790EC23DFAA451D56E9FD8B /* Pods */,
				D5C7EC2BEDBE3DC9BB9CE82B /* Frameworks */,
			);
			sourceTree = "<group>";
		};
		B1AC5E0A280B6C84006F04F9 /* Products */ = {
			isa = PBXGroup;
			children = (
				B1AC5E09280B6C84006F04F9 /* Podcasts.app */,
			);
			name = Products;
			sourceTree = "<group>";
		};
		B1AC5E0B280B6C84006F04F9 /* Podcasts */ = {
			isa = PBXGroup;
			children = (
				B121E966282A87E60078DF49 /* Extensions */,
				B1EF4C812821D2BA0039C696 /* Views */,
				B1BEF4D22821456300A22912 /* API */,
				B1B91F81280C2FD000294A7B /* Models */,
				B1B91F7E280C2DF600294A7B /* Controllers */,
				B1AC5E0C280B6C84006F04F9 /* AppDelegate.swift */,
				B1AC5E0E280B6C84006F04F9 /* SceneDelegate.swift */,
				B1AC5E12280B6C84006F04F9 /* Main.storyboard */,
				B1AC5E15280B6C84006F04F9 /* Assets.xcassets */,
				B1AC5E17280B6C84006F04F9 /* LaunchScreen.storyboard */,
				B1AC5E1A280B6C84006F04F9 /* Info.plist */,
			);
			path = Podcasts;
			sourceTree = "<group>";
		};
		B1B91F7E280C2DF600294A7B /* Controllers */ = {
			isa = PBXGroup;
			children = (
				B1AC5E20280B6D0E006F04F9 /* MainTabBarController.swift */,
				B1B91F7F280C2E1C00294A7B /* PodcastsSearchController.swift */,
				B1AEFF01282335E2002140C3 /* EpisodesController.swift */,
			);
			path = Controllers;
			sourceTree = "<group>";
		};
		B1B91F81280C2FD000294A7B /* Models */ = {
			isa = PBXGroup;
			children = (
				B174176C280E242700396D76 /* SearchResult.swift */,
				B14B9812282692DD003FDBBE /* Episode.swift */,
			);
			path = Models;
			sourceTree = "<group>";
		};
		B1BEF4D22821456300A22912 /* API */ = {
			isa = PBXGroup;
			children = (
				B1BEF4D02821456000A22912 /* APIService.swift */,
			);
			path = API;
			sourceTree = "<group>";
		};
		B1EF4C812821D2BA0039C696 /* Views */ = {
			isa = PBXGroup;
			children = (
				B1EF4C822821D2E00039C696 /* PodcastCell.xib */,
				B1EF4C842821D6060039C696 /* PodcastCell.swift */,
				B14B981428269498003FDBBE /* EpisodeCell.swift */,
				B14B981528269498003FDBBE /* EpisodeCell.xib */,
				B1B5C7B22827C2FA00050238 /* PlayerDetailsView.xib */,
				B1B5C7B42827C6CF00050238 /* PlayerDetailsView.swift */,
			);
			path = Views;
			sourceTree = "<group>";
		};
		D5C7EC2BEDBE3DC9BB9CE82B /* Frameworks */ = {
			isa = PBXGroup;
			children = (
				444F787FCD69C790A067357C /* Pods_Podcasts.framework */,
			);
			name = Frameworks;
			sourceTree = "<group>";
		};
/* End PBXGroup section */

/* Begin PBXNativeTarget section */
		B1AC5E08280B6C84006F04F9 /* Podcasts */ = {
			isa = PBXNativeTarget;
			buildConfigurationList = B1AC5E1D280B6C84006F04F9 /* Build configuration list for PBXNativeTarget "Podcasts" */;
			buildPhases = (
				14769315B4EB1BCF1A066649 /* [CP] Check Pods Manifest.lock */,
				B1AC5E05280B6C84006F04F9 /* Sources */,
				B1AC5E06280B6C84006F04F9 /* Frameworks */,
				B1AC5E07280B6C84006F04F9 /* Resources */,
				508B192A031A82AA03DCF2CF /* [CP] Embed Pods Frameworks */,
			);
			buildRules = (
			);
			dependencies = (
			);
			name = Podcasts;
			productName = Podcasts;
			productReference = B1AC5E09280B6C84006F04F9 /* Podcasts.app */;
			productType = "com.apple.product-type.application";
		};
/* End PBXNativeTarget section */

/* Begin PBXProject section */
		B1AC5E01280B6C84006F04F9 /* Project object */ = {
			isa = PBXProject;
			attributes = {
				BuildIndependentTargetsInParallel = 1;
				LastSwiftUpdateCheck = 1300;
				LastUpgradeCheck = 1300;
				TargetAttributes = {
					B1AC5E08280B6C84006F04F9 = {
						CreatedOnToolsVersion = 13.0;
					};
				};
			};
			buildConfigurationList = B1AC5E04280B6C84006F04F9 /* Build configuration list for PBXProject "Podcasts" */;
			compatibilityVersion = "Xcode 13.0";
			developmentRegion = en;
			hasScannedForEncodings = 0;
			knownRegions = (
				en,
				Base,
			);
			mainGroup = B1AC5E00280B6C84006F04F9;
			productRefGroup = B1AC5E0A280B6C84006F04F9 /* Products */;
			projectDirPath = "";
			projectRoot = "";
			targets = (
				B1AC5E08280B6C84006F04F9 /* Podcasts */,
			);
		};
/* End PBXProject section */

/* Begin PBXResourcesBuildPhase section */
		B1AC5E07280B6C84006F04F9 /* Resources */ = {
			isa = PBXResourcesBuildPhase;
			buildActionMask = 2147483647;
			files = (
				B1B5C7B32827C2FA00050238 /* PlayerDetailsView.xib in Resources */,
				B1AC5E19280B6C84006F04F9 /* LaunchScreen.storyboard in Resources */,
				B1AC5E16280B6C84006F04F9 /* Assets.xcassets in Resources */,
				B14B981728269498003FDBBE /* EpisodeCell.xib in Resources */,
				B1EF4C832821D2E00039C696 /* PodcastCell.xib in Resources */,
				B1AC5E14280B6C84006F04F9 /* Main.storyboard in Resources */,
			);
			runOnlyForDeploymentPostprocessing = 0;
		};
/* End PBXResourcesBuildPhase section */

/* Begin PBXShellScriptBuildPhase section */
		14769315B4EB1BCF1A066649 /* [CP] Check Pods Manifest.lock */ = {
			isa = PBXShellScriptBuildPhase;
			buildActionMask = 2147483647;
			files = (
			);
			inputFileListPaths = (
			);
			inputPaths = (
				"${PODS_PODFILE_DIR_PATH}/Podfile.lock",
				"${PODS_ROOT}/Manifest.lock",
			);
			name = "[CP] Check Pods Manifest.lock";
			outputFileListPaths = (
			);
			outputPaths = (
				"$(DERIVED_FILE_DIR)/Pods-Podcasts-checkManifestLockResult.txt",
			);
			runOnlyForDeploymentPostprocessing = 0;
			shellPath = /bin/sh;
			shellScript = "diff \"${PODS_PODFILE_DIR_PATH}/Podfile.lock\" \"${PODS_ROOT}/Manifest.lock\" > /dev/null\nif [ $? != 0 ] ; then\n    # print error to STDERR\n    echo \"error: The sandbox is not in sync with the Podfile.lock. Run 'pod install' or update your CocoaPods installation.\" >&2\n    exit 1\nfi\n# This output is used by Xcode 'outputs' to avoid re-running this script phase.\necho \"SUCCESS\" > \"${SCRIPT_OUTPUT_FILE_0}\"\n";
			showEnvVarsInLog = 0;
		};
		508B192A031A82AA03DCF2CF /* [CP] Embed Pods Frameworks */ = {
			isa = PBXShellScriptBuildPhase;
			buildActionMask = 2147483647;
			files = (
			);
			inputFileListPaths = (
				"${PODS_ROOT}/Target Support Files/Pods-Podcasts/Pods-Podcasts-frameworks-${CONFIGURATION}-input-files.xcfilelist",
			);
			name = "[CP] Embed Pods Frameworks";
			outputFileListPaths = (
				"${PODS_ROOT}/Target Support Files/Pods-Podcasts/Pods-Podcasts-frameworks-${CONFIGURATION}-output-files.xcfilelist",
			);
			runOnlyForDeploymentPostprocessing = 0;
			shellPath = /bin/sh;
			shellScript = "\"${PODS_ROOT}/Target Support Files/Pods-Podcasts/Pods-Podcasts-frameworks.sh\"\n";
			showEnvVarsInLog = 0;
		};
/* End PBXShellScriptBuildPhase section */

/* Begin PBXSourcesBuildPhase section */
		B1AC5E05280B6C84006F04F9 /* Sources */ = {
			isa = PBXSourcesBuildPhase;
			buildActionMask = 2147483647;
			files = (
				B1B5C7B52827C6CF00050238 /* PlayerDetailsView.swift in Sources */,
				B174176D280E242700396D76 /* SearchResult.swift in Sources */,
				B1AC5E0D280B6C84006F04F9 /* AppDelegate.swift in Sources */,
				B14B981628269498003FDBBE /* EpisodeCell.swift in Sources */,
				B14B9813282692DD003FDBBE /* Episode.swift in Sources */,
				B121E968282A87F50078DF49 /* CMTime.swift in Sources */,
				B1AC5E21280B6D0E006F04F9 /* MainTabBarController.swift in Sources */,
				B1B91F80280C2E1C00294A7B /* PodcastsSearchController.swift in Sources */,
				B1BEF4D12821456000A22912 /* APIService.swift in Sources */,
				B1EF4C852821D6060039C696 /* PodcastCell.swift in Sources */,
				B1AC5E0F280B6C84006F04F9 /* SceneDelegate.swift in Sources */,
				B1AEFF02282335E2002140C3 /* EpisodesController.swift in Sources */,
			);
			runOnlyForDeploymentPostprocessing = 0;
		};
/* End PBXSourcesBuildPhase section */

/* Begin PBXVariantGroup section */
		B1AC5E12280B6C84006F04F9 /* Main.storyboard */ = {
			isa = PBXVariantGroup;
			children = (
				B1AC5E13280B6C84006F04F9 /* Base */,
			);
			name = Main.storyboard;
			sourceTree = "<group>";
		};
		B1AC5E17280B6C84006F04F9 /* LaunchScreen.storyboard */ = {
			isa = PBXVariantGroup;
			children = (
				B1AC5E18280B6C84006F04F9 /* Base */,
			);
			name = LaunchScreen.storyboard;
			sourceTree = "<group>";
		};
/* End PBXVariantGroup section */

/* Begin XCBuildConfiguration section */
		B1AC5E1B280B6C84006F04F9 /* Debug */ = {
			isa = XCBuildConfiguration;
			buildSettings = {
				ALWAYS_SEARCH_USER_PATHS = NO;
				CLANG_ANALYZER_NONNULL = YES;
				CLANG_ANALYZER_NUMBER_OBJECT_CONVERSION = YES_AGGRESSIVE;
				CLANG_CXX_LANGUAGE_STANDARD = "gnu++17";
				CLANG_CXX_LIBRARY = "libc++";
				CLANG_ENABLE_MODULES = YES;
				CLANG_ENABLE_OBJC_ARC = YES;
				CLANG_ENABLE_OBJC_WEAK = YES;
				CLANG_WARN_BLOCK_CAPTURE_AUTORELEASING = YES;
				CLANG_WARN_BOOL_CONVERSION = YES;
				CLANG_WARN_COMMA = YES;
				CLANG_WARN_CONSTANT_CONVERSION = YES;
				CLANG_WARN_DEPRECATED_OBJC_IMPLEMENTATIONS = YES;
				CLANG_WARN_DIRECT_OBJC_ISA_USAGE = YES_ERROR;
				CLANG_WARN_DOCUMENTATION_COMMENTS = YES;
				CLANG_WARN_EMPTY_BODY = YES;
				CLANG_WARN_ENUM_CONVERSION = YES;
				CLANG_WARN_INFINITE_RECURSION = YES;
				CLANG_WARN_INT_CONVERSION = YES;
				CLANG_WARN_NON_LITERAL_NULL_CONVERSION = YES;
				CLANG_WARN_OBJC_IMPLICIT_RETAIN_SELF = YES;
				CLANG_WARN_OBJC_LITERAL_CONVERSION = YES;
				CLANG_WARN_OBJC_ROOT_CLASS = YES_ERROR;
				CLANG_WARN_QUOTED_INCLUDE_IN_FRAMEWORK_HEADER = YES;
				CLANG_WARN_RANGE_LOOP_ANALYSIS = YES;
				CLANG_WARN_STRICT_PROTOTYPES = YES;
				CLANG_WARN_SUSPICIOUS_MOVE = YES;
				CLANG_WARN_UNGUARDED_AVAILABILITY = YES_AGGRESSIVE;
				CLANG_WARN_UNREACHABLE_CODE = YES;
				CLANG_WARN__DUPLICATE_METHOD_MATCH = YES;
				COPY_PHASE_STRIP = NO;
				DEBUG_INFORMATION_FORMAT = dwarf;
				ENABLE_STRICT_OBJC_MSGSEND = YES;
				ENABLE_TESTABILITY = YES;
				GCC_C_LANGUAGE_STANDARD = gnu11;
				GCC_DYNAMIC_NO_PIC = NO;
				GCC_NO_COMMON_BLOCKS = YES;
				GCC_OPTIMIZATION_LEVEL = 0;
				GCC_PREPROCESSOR_DEFINITIONS = (
					"DEBUG=1",
					"$(inherited)",
				);
				GCC_WARN_64_TO_32_BIT_CONVERSION = YES;
				GCC_WARN_ABOUT_RETURN_TYPE = YES_ERROR;
				GCC_WARN_UNDECLARED_SELECTOR = YES;
				GCC_WARN_UNINITIALIZED_AUTOS = YES_AGGRESSIVE;
				GCC_WARN_UNUSED_FUNCTION = YES;
				GCC_WARN_UNUSED_VARIABLE = YES;
				IPHONEOS_DEPLOYMENT_TARGET = 15.0;
				MTL_ENABLE_DEBUG_INFO = INCLUDE_SOURCE;
				MTL_FAST_MATH = YES;
				ONLY_ACTIVE_ARCH = YES;
				SDKROOT = iphoneos;
				SWIFT_ACTIVE_COMPILATION_CONDITIONS = DEBUG;
				SWIFT_OPTIMIZATION_LEVEL = "-Onone";
			};
			name = Debug;
		};
		B1AC5E1C280B6C84006F04F9 /* Release */ = {
			isa = XCBuildConfiguration;
			buildSettings = {
				ALWAYS_SEARCH_USER_PATHS = NO;
				CLANG_ANALYZER_NONNULL = YES;
				CLANG_ANALYZER_NUMBER_OBJECT_CONVERSION = YES_AGGRESSIVE;
				CLANG_CXX_LANGUAGE_STANDARD = "gnu++17";
				CLANG_CXX_LIBRARY = "libc++";
				CLANG_ENABLE_MODULES = YES;
				CLANG_ENABLE_OBJC_ARC = YES;
				CLANG_ENABLE_OBJC_WEAK = YES;
				CLANG_WARN_BLOCK_CAPTURE_AUTORELEASING = YES;
				CLANG_WARN_BOOL_CONVERSION = YES;
				CLANG_WARN_COMMA = YES;
				CLANG_WARN_CONSTANT_CONVERSION = YES;
				CLANG_WARN_DEPRECATED_OBJC_IMPLEMENTATIONS = YES;
				CLANG_WARN_DIRECT_OBJC_ISA_USAGE = YES_ERROR;
				CLANG_WARN_DOCUMENTATION_COMMENTS = YES;
				CLANG_WARN_EMPTY_BODY = YES;
				CLANG_WARN_ENUM_CONVERSION = YES;
				CLANG_WARN_INFINITE_RECURSION = YES;
				CLANG_WARN_INT_CONVERSION = YES;
				CLANG_WARN_NON_LITERAL_NULL_CONVERSION = YES;
				CLANG_WARN_OBJC_IMPLICIT_RETAIN_SELF = YES;
				CLANG_WARN_OBJC_LITERAL_CONVERSION = YES;
				CLANG_WARN_OBJC_ROOT_CLASS = YES_ERROR;
				CLANG_WARN_QUOTED_INCLUDE_IN_FRAMEWORK_HEADER = YES;
				CLANG_WARN_RANGE_LOOP_ANALYSIS = YES;
				CLANG_WARN_STRICT_PROTOTYPES = YES;
				CLANG_WARN_SUSPICIOUS_MOVE = YES;
				CLANG_WARN_UNGUARDED_AVAILABILITY = YES_AGGRESSIVE;
				CLANG_WARN_UNREACHABLE_CODE = YES;
				CLANG_WARN__DUPLICATE_METHOD_MATCH = YES;
				COPY_PHASE_STRIP = NO;
				DEBUG_INFORMATION_FORMAT = "dwarf-with-dsym";
				ENABLE_NS_ASSERTIONS = NO;
				ENABLE_STRICT_OBJC_MSGSEND = YES;
				GCC_C_LANGUAGE_STANDARD = gnu11;
				GCC_NO_COMMON_BLOCKS = YES;
				GCC_WARN_64_TO_32_BIT_CONVERSION = YES;
				GCC_WARN_ABOUT_RETURN_TYPE = YES_ERROR;
				GCC_WARN_UNDECLARED_SELECTOR = YES;
				GCC_WARN_UNINITIALIZED_AUTOS = YES_AGGRESSIVE;
				GCC_WARN_UNUSED_FUNCTION = YES;
				GCC_WARN_UNUSED_VARIABLE = YES;
				IPHONEOS_DEPLOYMENT_TARGET = 15.0;
				MTL_ENABLE_DEBUG_INFO = NO;
				MTL_FAST_MATH = YES;
				SDKROOT = iphoneos;
				SWIFT_COMPILATION_MODE = wholemodule;
				SWIFT_OPTIMIZATION_LEVEL = "-O";
				VALIDATE_PRODUCT = YES;
			};
			name = Release;
		};
		B1AC5E1E280B6C84006F04F9 /* Debug */ = {
			isa = XCBuildConfiguration;
			baseConfigurationReference = B4BEE64453D8B0C6998AD3AF /* Pods-Podcasts.debug.xcconfig */;
			buildSettings = {
				ASSETCATALOG_COMPILER_APPICON_NAME = AppIcon;
				ASSETCATALOG_COMPILER_GLOBAL_ACCENT_COLOR_NAME = AccentColor;
				CODE_SIGN_STYLE = Automatic;
				CURRENT_PROJECT_VERSION = 1;
				GENERATE_INFOPLIST_FILE = YES;
				INFOPLIST_FILE = Podcasts/Info.plist;
				INFOPLIST_KEY_UIApplicationSupportsIndirectInputEvents = YES;
				INFOPLIST_KEY_UILaunchStoryboardName = LaunchScreen;
				INFOPLIST_KEY_UIMainStoryboardFile = Main;
				INFOPLIST_KEY_UISupportedInterfaceOrientations_iPad = "UIInterfaceOrientationPortrait UIInterfaceOrientationPortraitUpsideDown UIInterfaceOrientationLandscapeLeft UIInterfaceOrientationLandscapeRight";
				INFOPLIST_KEY_UISupportedInterfaceOrientations_iPhone = "UIInterfaceOrientationPortrait UIInterfaceOrientationLandscapeLeft UIInterfaceOrientationLandscapeRight";
				LD_RUNPATH_SEARCH_PATHS = (
					"$(inherited)",
					"@executable_path/Frameworks",
				);
				MARKETING_VERSION = 1.0;
				PRODUCT_BUNDLE_IDENTIFIER = com.abdallamahmoud.Podcasts;
				PRODUCT_NAME = "$(TARGET_NAME)";
				SWIFT_EMIT_LOC_STRINGS = YES;
				SWIFT_VERSION = 5.0;
				TARGETED_DEVICE_FAMILY = "1,2";
			};
			name = Debug;
		};
		B1AC5E1F280B6C84006F04F9 /* Release */ = {
			isa = XCBuildConfiguration;
			baseConfigurationReference = 03B1601E9CC9763E4AE7C97C /* Pods-Podcasts.release.xcconfig */;
			buildSettings = {
				ASSETCATALOG_COMPILER_APPICON_NAME = AppIcon;
				ASSETCATALOG_COMPILER_GLOBAL_ACCENT_COLOR_NAME = AccentColor;
				CODE_SIGN_STYLE = Automatic;
				CURRENT_PROJECT_VERSION = 1;
				GENERATE_INFOPLIST_FILE = YES;
				INFOPLIST_FILE = Podcasts/Info.plist;
				INFOPLIST_KEY_UIApplicationSupportsIndirectInputEvents = YES;
				INFOPLIST_KEY_UILaunchStoryboardName = LaunchScreen;
				INFOPLIST_KEY_UIMainStoryboardFile = Main;
				INFOPLIST_KEY_UISupportedInterfaceOrientations_iPad = "UIInterfaceOrientationPortrait UIInterfaceOrientationPortraitUpsideDown UIInterfaceOrientationLandscapeLeft UIInterfaceOrientationLandscapeRight";
				INFOPLIST_KEY_UISupportedInterfaceOrientations_iPhone = "UIInterfaceOrientationPortrait UIInterfaceOrientationLandscapeLeft UIInterfaceOrientationLandscapeRight";
				LD_RUNPATH_SEARCH_PATHS = (
					"$(inherited)",
					"@executable_path/Frameworks",
				);
				MARKETING_VERSION = 1.0;
				PRODUCT_BUNDLE_IDENTIFIER = com.abdallamahmoud.Podcasts;
				PRODUCT_NAME = "$(TARGET_NAME)";
				SWIFT_EMIT_LOC_STRINGS = YES;
				SWIFT_VERSION = 5.0;
				TARGETED_DEVICE_FAMILY = "1,2";
			};
			name = Release;
		};
/* End XCBuildConfiguration section */

/* Begin XCConfigurationList section */
		B1AC5E04280B6C84006F04F9 /* Build configuration list for PBXProject "Podcasts" */ = {
			isa = XCConfigurationList;
			buildConfigurations = (
				B1AC5E1B280B6C84006F04F9 /* Debug */,
				B1AC5E1C280B6C84006F04F9 /* Release */,
			);
			defaultConfigurationIsVisible = 0;
			defaultConfigurationName = Release;
		};
		B1AC5E1D280B6C84006F04F9 /* Build configuration list for PBXNativeTarget "Podcasts" */ = {
			isa = XCConfigurationList;
			buildConfigurations = (
				B1AC5E1E280B6C84006F04F9 /* Debug */,
				B1AC5E1F280B6C84006F04F9 /* Release */,
			);
			defaultConfigurationIsVisible = 0;
			defaultConfigurationName = Release;
		};
/* End XCConfigurationList section */
	};
	rootObject = B1AC5E01280B6C84006F04F9 /* Project object */;
}
